
Microsoft Visual Studio Solution File, Format Version 12.00
# Visual Studio Version 17
VisualStudioVersion = 17.9.34701.34
MinimumVisualStudioVersion = 10.0.40219.1
Project("{9A19103F-16F7-4668-BE54-9A1E7A4F7556}") = "ConsoleApp2", "ConsoleApp2.csproj", "{C911FF3D-1FA0-4630-A3D3-59509A282343}"
EndProject
Project("{FAE04EC0-301F-11D3-BF4B-00C04F79EFBC}") = "PrintAll", "..\PrintAll\PrintAll.csproj", "{92FE9260-E7CA-4650-9947-DBDD28679CDC}"
EndProject
Global
	GlobalSection(SolutionConfigurationPlatforms) = preSolution
		Debug|Any CPU = Debug|Any CPU
		Release|Any CPU = Release|Any CPU
	EndGlobalSection
	GlobalSection(ProjectConfigurationPlatforms) = postSolution
		{C911FF3D-1FA0-4630-A3D3-59509A282343}.Debug|Any CPU.ActiveCfg = Debug|Any CPU
		{C911FF3D-1FA0-4630-A3D3-59509A282343}.Debug|Any CPU.Build.0 = Debug|Any CPU
		{C911FF3D-1FA0-4630-A3D3-59509A282343}.Release|Any CPU.ActiveCfg = Release|Any CPU
		{C911FF3D-1FA0-4630-A3D3-59509A282343}.Release|Any CPU.Build.0 = Release|Any CPU
		{92FE9260-E7CA-4650-9947-DBDD28679CDC}.Debug|Any CPU.ActiveCfg = Debug|Any CPU
		{92FE9260-E7CA-4650-9947-DBDD28679CDC}.Debug|Any CPU.Build.0 = Debug|Any CPU
		{92FE9260-E7CA-4650-9947-DBDD28679CDC}.Release|Any CPU.ActiveCfg = Release|Any CPU
		{92FE9260-E7CA-4650-9947-DBDD28679CDC}.Release|Any CPU.Build.0 = Release|Any CPU
	EndGlobalSection
	GlobalSection(SolutionProperties) = preSolution
		HideSolutionNode = FALSE
	EndGlobalSection
	GlobalSection(ExtensibilityGlobals) = postSolution
		SolutionGuid = {D57105BC-2711-472E-888D-4ED709606E58}
	EndGlobalSection
EndGlobal
